github.com/gorilla/websocket v1.4.1 h1:q7AeDBpnBk8AogcD4DSag/Ukw/KV+YhzLj2bP5HvKCM=
github.com/gorilla/websocket v1.4.1/go.mod h1:YR8l580nyteQvAITg2hZ9XVh4b55+EU/adAjf1fMHhE=
github.com/shopspring/decimal v0.0.0-20200227202807-02e2044944cc h1:jUIKcSPO9MoMJBbEoyE/RJoE8vz7Mb8AjvifMMwSyvY=
github.com/shopspring/decimal v0.0.0-20200227202807-02e2044944cc/go.mod h1:DKyhrW/HYNuLGql+MJL6WCR6knT2jwCFRcu2hWCYk4o=
